
Microsoft Visual Studio Solution File, Format Version 12.00
# Visual Studio 2012
Project("{FAE04EC0-301F-11D3-BF4B-00C04F79EFBC}") = "Cambridge.Talks", "Cambridge.Talks\Cambridge.Talks.csproj", "{2958A388-B350-445A-A754-1C8DCF9F3E3E}"
EndProject
Global
	GlobalSection(SolutionConfigurationPlatforms) = preSolution
		Debug|Any CPU = Debug|Any CPU
		Release|Any CPU = Release|Any CPU
	EndGlobalSection
	GlobalSection(ProjectConfigurationPlatforms) = postSolution
		{2958A388-B350-445A-A754-1C8DCF9F3E3E}.Debug|Any CPU.ActiveCfg = Debug|Any CPU
		{2958A388-B350-445A-A754-1C8DCF9F3E3E}.Debug|Any CPU.Build.0 = Debug|Any CPU
		{2958A388-B350-445A-A754-1C8DCF9F3E3E}.Release|Any CPU.ActiveCfg = Release|Any CPU
		{2958A388-B350-445A-A754-1C8DCF9F3E3E}.Release|Any CPU.Build.0 = Release|Any CPU
	EndGlobalSection
	GlobalSection(SolutionProperties) = preSolution
		HideSolutionNode = FALSE
	EndGlobalSection
EndGlobal
